
Microsoft Visual Studio Solution File, Format Version 12.00
# Visual Studio Version 16
VisualStudioVersion = 16.0.29728.190
MinimumVisualStudioVersion = 10.0.40219.1
Project("{FAE04EC0-301F-11D3-BF4B-00C04F79EFBC}") = "Warehouse_Manage_WPF", "Warehouse_Manage_WPF\Warehouse_Manage_WPF.csproj", "{4D397E03-0EF5-45FC-A661-08DFEBE1B52D}"
EndProject
Project("{FAE04EC0-301F-11D3-BF4B-00C04F79EFBC}") = "DataAccess", "DataAccess\DataAccess.csproj", "{D314CA3D-EEF2-4D84-B8CE-B8057284766B}"
EndProject
Project("{FAE04EC0-301F-11D3-BF4B-00C04F79EFBC}") = "Warehouse_Manage_WPF.Tests", "Warehouse_Manage_WPF.Tests\Warehouse_Manage_WPF.Tests.csproj", "{F3113F36-5891-4B6C-8748-55B5EF5558C3}"
EndProject
Global
	GlobalSection(SolutionConfigurationPlatforms) = preSolution
		Debug|Any CPU = Debug|Any CPU
		Release|Any CPU = Release|Any CPU
	EndGlobalSection
	GlobalSection(ProjectConfigurationPlatforms) = postSolution
		{4D397E03-0EF5-45FC-A661-08DFEBE1B52D}.Debug|Any CPU.ActiveCfg = Debug|Any CPU
		{4D397E03-0EF5-45FC-A661-08DFEBE1B52D}.Debug|Any CPU.Build.0 = Debug|Any CPU
		{4D397E03-0EF5-45FC-A661-08DFEBE1B52D}.Release|Any CPU.ActiveCfg = Release|Any CPU
		{4D397E03-0EF5-45FC-A661-08DFEBE1B52D}.Release|Any CPU.Build.0 = Release|Any CPU
		{D314CA3D-EEF2-4D84-B8CE-B8057284766B}.Debug|Any CPU.ActiveCfg = Debug|Any CPU
		{D314CA3D-EEF2-4D84-B8CE-B8057284766B}.Debug|Any CPU.Build.0 = Debug|Any CPU
		{D314CA3D-EEF2-4D84-B8CE-B8057284766B}.Release|Any CPU.ActiveCfg = Release|Any CPU
		{D314CA3D-EEF2-4D84-B8CE-B8057284766B}.Release|Any CPU.Build.0 = Release|Any CPU
		{F3113F36-5891-4B6C-8748-55B5EF5558C3}.Debug|Any CPU.ActiveCfg = Debug|Any CPU
		{F3113F36-5891-4B6C-8748-55B5EF5558C3}.Debug|Any CPU.Build.0 = Debug|Any CPU
		{F3113F36-5891-4B6C-8748-55B5EF5558C3}.Release|Any CPU.ActiveCfg = Release|Any CPU
		{F3113F36-5891-4B6C-8748-55B5EF5558C3}.Release|Any CPU.Build.0 = Release|Any CPU
	EndGlobalSection
	GlobalSection(SolutionProperties) = preSolution
		HideSolutionNode = FALSE
	EndGlobalSection
	GlobalSection(ExtensibilityGlobals) = postSolution
		SolutionGuid = {1CCE59A7-B580-4B99-9D8D-0892F9D86D99}
	EndGlobalSection
EndGlobal
